// !$*UTF8*$!
{
	archiveVersion = 1;
	classes = {
	};
	objectVersion = 50;
	objects = {

/* Begin PBXBuildFile section */
		D34ED3FB236E30CB000E42B9 /* AppDelegate.swift in Sources */ = {isa = PBXBuildFile; fileRef = D34ED3FA236E30CB000E42B9 /* AppDelegate.swift */; };
		D34ED3FD236E30CB000E42B9 /* SceneDelegate.swift in Sources */ = {isa = PBXBuildFile; fileRef = D34ED3FC236E30CB000E42B9 /* SceneDelegate.swift */; };
		D34ED3FF236E30CB000E42B9 /* ViewController.swift in Sources */ = {isa = PBXBuildFile; fileRef = D34ED3FE236E30CB000E42B9 /* ViewController.swift */; };
		D34ED402236E30CB000E42B9 /* Main.storyboard in Resources */ = {isa = PBXBuildFile; fileRef = D34ED400236E30CB000E42B9 /* Main.storyboard */; };
		D34ED404236E30D0000E42B9 /* Assets.xcassets in Resources */ = {isa = PBXBuildFile; fileRef = D34ED403236E30D0000E42B9 /* Assets.xcassets */; };
		D34ED407236E30D0000E42B9 /* LaunchScreen.storyboard in Resources */ = {isa = PBXBuildFile; fileRef = D34ED405236E30D0000E42B9 /* LaunchScreen.storyboard */; };
		D34ED412236E30D0000E42B9 /* GlimpseTests.swift in Sources */ = {isa = PBXBuildFile; fileRef = D34ED411236E30D0000E42B9 /* GlimpseTests.swift */; };
		D34ED41D236E30D0000E42B9 /* GlimpseUITests.swift in Sources */ = {isa = PBXBuildFile; fileRef = D34ED41C236E30D0000E42B9 /* GlimpseUITests.swift */; };
/* End PBXBuildFile section */

/* Begin PBXContainerItemProxy section */
		D34ED40E236E30D0000E42B9 /* PBXContainerItemProxy */ = {
			isa = PBXContainerItemProxy;
			containerPortal = D34ED3EF236E30CB000E42B9 /* Project object */;
			proxyType = 1;
			remoteGlobalIDString = D34ED3F6236E30CB000E42B9;
			remoteInfo = Glimpse;
		};
		D34ED419236E30D0000E42B9 /* PBXContainerItemProxy */ = {
			isa = PBXContainerItemProxy;
			containerPortal = D34ED3EF236E30CB000E42B9 /* Project object */;
			proxyType = 1;
			remoteGlobalIDString = D34ED3F6236E30CB000E42B9;
			remoteInfo = Glimpse;
		};
/* End PBXContainerItemProxy section */

/* Begin PBXFileReference section */
		D34ED3F7236E30CB000E42B9 /* Glimpse.app */ = {isa = PBXFileReference; explicitFileType = wrapper.application; includeInIndex = 0; path = Glimpse.app; sourceTree = BUILT_PRODUCTS_DIR; };
		D34ED3FA236E30CB000E42B9 /* AppDelegate.swift */ = {isa = PBXFileReference; lastKnownFileType = sourcecode.swift; path = AppDelegate.swift; sourceTree = "<group>"; };
		D34ED3FC236E30CB000E42B9 /* SceneDelegate.swift */ = {isa = PBXFileReference; lastKnownFileType = sourcecode.swift; path = SceneDelegate.swift; sourceTree = "<group>"; };
		D34ED3FE236E30CB000E42B9 /* ViewController.swift */ = {isa = PBXFileReference; lastKnownFileType = sourcecode.swift; path = ViewController.swift; sourceTree = "<group>"; };
		D34ED401236E30CB000E42B9 /* Base */ = {isa = PBXFileReference; lastKnownFileType = file.storyboard; name = Base; path = Base.lproj/Main.storyboard; sourceTree = "<group>"; };
		D34ED403236E30D0000E42B9 /* Assets.xcassets */ = {isa = PBXFileReference; lastKnownFileType = folder.assetcatalog; path = Assets.xcassets; sourceTree = "<group>"; };
		D34ED406236E30D0000E42B9 /* Base */ = {isa = PBXFileReference; lastKnownFileType = file.storyboard; name = Base; path = Base.lproj/LaunchScreen.storyboard; sourceTree = "<group>"; };
		D34ED408236E30D0000E42B9 /* Info.plist */ = {isa = PBXFileReference; lastKnownFileType = text.plist.xml; path = Info.plist; sourceTree = "<group>"; };
		D34ED40D236E30D0000E42B9 /* GlimpseTests.xctest */ = {isa = PBXFileReference; explicitFileType = wrapper.cfbundle; includeInIndex = 0; path = GlimpseTests.xctest; sourceTree = BUILT_PRODUCTS_DIR; };
		D34ED411236E30D0000E42B9 /* GlimpseTests.swift */ = {isa = PBXFileReference; lastKnownFileType = sourcecode.swift; path = GlimpseTests.swift; sourceTree = "<group>"; };
		D34ED413236E30D0000E42B9 /* Info.plist */ = {isa = PBXFileReference; lastKnownFileType = text.plist.xml; path = Info.plist; sourceTree = "<group>"; };
		D34ED418236E30D0000E42B9 /* GlimpseUITests.xctest */ = {isa = PBXFileReference; explicitFileType = wrapper.cfbundle; includeInIndex = 0; path = GlimpseUITests.xctest; sourceTree = BUILT_PRODUCTS_DIR; };
		D34ED41C236E30D0000E42B9 /* GlimpseUITests.swift */ = {isa = PBXFileReference; lastKnownFileType = sourcecode.swift; path = GlimpseUITests.swift; sourceTree = "<group>"; };
		D34ED41E236E30D0000E42B9 /* Info.plist */ = {isa = PBXFileReference; lastKnownFileType = text.plist.xml; path = Info.plist; sourceTree = "<group>"; };
/* End PBXFileReference section */

/* Begin PBXFrameworksBuildPhase section */
		D34ED3F4236E30CB000E42B9 /* Frameworks */ = {
			isa = PBXFrameworksBuildPhase;
			buildActionMask = 2147483647;
			files = (
			);
			runOnlyForDeploymentPostprocessing = 0;
		};
		D34ED40A236E30D0000E42B9 /* Frameworks */ = {
			isa = PBXFrameworksBuildPhase;
			buildActionMask = 2147483647;
			files = (
			);
			runOnlyForDeploymentPostprocessing = 0;
		};
		D34ED415236E30D0000E42B9 /* Frameworks */ = {
			isa = PBXFrameworksBuildPhase;
			buildActionMask = 2147483647;
			files = (
			);
			runOnlyForDeploymentPostprocessing = 0;
		};
/* End PBXFrameworksBuildPhase section */

/* Begin PBXGroup section */
		D34ED3EE236E30CB000E42B9 = {
			isa = PBXGroup;
			children = (
				D34ED3F9236E30CB000E42B9 /* Glimpse */,
				D34ED410236E30D0000E42B9 /* GlimpseTests */,
				D34ED41B236E30D0000E42B9 /* GlimpseUITests */,
				D34ED3F8236E30CB000E42B9 /* Products */,
			);
			sourceTree = "<group>";
		};
		D34ED3F8236E30CB000E42B9 /* Products */ = {
			isa = PBXGroup;
			children = (
				D34ED3F7236E30CB000E42B9 /* Glimpse.app */,
				D34ED40D236E30D0000E42B9 /* GlimpseTests.xctest */,
				D34ED418236E30D0000E42B9 /* GlimpseUITests.xctest */,
			);
			name = Products;
			sourceTree = "<group>";
		};
		D34ED3F9236E30CB000E42B9 /* Glimpse */ = {
			isa = PBXGroup;
			children = (
				D34ED3FA236E30CB000E42B9 /* AppDelegate.swift */,
				D34ED3FC236E30CB000E42B9 /* SceneDelegate.swift */,
				D34ED3FE236E30CB000E42B9 /* ViewController.swift */,
				D34ED400236E30CB000E42B9 /* Main.storyboard */,
				D34ED403236E30D0000E42B9 /* Assets.xcassets */,
				D34ED405236E30D0000E42B9 /* LaunchScreen.storyboard */,
				D34ED408236E30D0000E42B9 /* Info.plist */,
			);
			path = Glimpse;
			sourceTree = "<group>";
		};
		D34ED410236E30D0000E42B9 /* GlimpseTests */ = {
			isa = PBXGroup;
			children = (
				D34ED411236E30D0000E42B9 /* GlimpseTests.swift */,
				D34ED413236E30D0000E42B9 /* Info.plist */,
			);
			path = GlimpseTests;
			sourceTree = "<group>";
		};
		D34ED41B236E30D0000E42B9 /* GlimpseUITests */ = {
			isa = PBXGroup;
			children = (
				D34ED41C236E30D0000E42B9 /* GlimpseUITests.swift */,
				D34ED41E236E30D0000E42B9 /* Info.plist */,
			);
			path = GlimpseUITests;
			sourceTree = "<group>";
		};
/* End PBXGroup section */

/* Begin PBXNativeTarget section */
		D34ED3F6236E30CB000E42B9 /* Glimpse */ = {
			isa = PBXNativeTarget;
			buildConfigurationList = D34ED421236E30D0000E42B9 /* Build configuration list for PBXNativeTarget "Glimpse" */;
			buildPhases = (
				D34ED3F3236E30CB000E42B9 /* Sources */,
				D34ED3F4236E30CB000E42B9 /* Frameworks */,
				D34ED3F5236E30CB000E42B9 /* Resources */,
			);
			buildRules = (
			);
			dependencies = (
			);
			name = Glimpse;
			productName = Glimpse;
			productReference = D34ED3F7236E30CB000E42B9 /* Glimpse.app */;
			productType = "com.apple.product-type.application";
		};
		D34ED40C236E30D0000E42B9 /* GlimpseTests */ = {
			isa = PBXNativeTarget;
			buildConfigurationList = D34ED424236E30D0000E42B9 /* Build configuration list for PBXNativeTarget "GlimpseTests" */;
			buildPhases = (
				D34ED409236E30D0000E42B9 /* Sources */,
				D34ED40A236E30D0000E42B9 /* Frameworks */,
				D34ED40B236E30D0000E42B9 /* Resources */,
			);
			buildRules = (
			);
			dependencies = (
				D34ED40F236E30D0000E42B9 /* PBXTargetDependency */,
			);
			name = GlimpseTests;
			productName = GlimpseTests;
			productReference = D34ED40D236E30D0000E42B9 /* GlimpseTests.xctest */;
			productType = "com.apple.product-type.bundle.unit-test";
		};
		D34ED417236E30D0000E42B9 /* GlimpseUITests */ = {
			isa = PBXNativeTarget;
			buildConfigurationList = D34ED427236E30D0000E42B9 /* Build configuration list for PBXNativeTarget "GlimpseUITests" */;
			buildPhases = (
				D34ED414236E30D0000E42B9 /* Sources */,
				D34ED415236E30D0000E42B9 /* Frameworks */,
				D34ED416236E30D0000E42B9 /* Resources */,
			);
			buildRules = (
			);
			dependencies = (
				D34ED41A236E30D0000E42B9 /* PBXTargetDependency */,
			);
			name = GlimpseUITests;
			productName = GlimpseUITests;
			productReference = D34ED418236E30D0000E42B9 /* GlimpseUITests.xctest */;
			productType = "com.apple.product-type.bundle.ui-testing";
		};
/* End PBXNativeTarget section */

/* Begin PBXProject section */
		D34ED3EF236E30CB000E42B9 /* Project object */ = {
			isa = PBXProject;
			attributes = {
				LastSwiftUpdateCheck = 1100;
				LastUpgradeCheck = 1100;
				ORGANIZATIONNAME = "Tanvi Santhosh";
				TargetAttributes = {
					D34ED3F6236E30CB000E42B9 = {
						CreatedOnToolsVersion = 11.0;
					};
					D34ED40C236E30D0000E42B9 = {
						CreatedOnToolsVersion = 11.0;
						TestTargetID = D34ED3F6236E30CB000E42B9;
					};
					D34ED417236E30D0000E42B9 = {
						CreatedOnToolsVersion = 11.0;
						TestTargetID = D34ED3F6236E30CB000E42B9;
					};
				};
			};
			buildConfigurationList = D34ED3F2236E30CB000E42B9 /* Build configuration list for PBXProject "Glimpse" */;
			compatibilityVersion = "Xcode 9.3";
			developmentRegion = en;
			hasScannedForEncodings = 0;
			knownRegions = (
				en,
				Base,
			);
			mainGroup = D34ED3EE236E30CB000E42B9;
			productRefGroup = D34ED3F8236E30CB000E42B9 /* Products */;
			projectDirPath = "";
			projectRoot = "";
			targets = (
				D34ED3F6236E30CB000E42B9 /* Glimpse */,
				D34ED40C236E30D0000E42B9 /* GlimpseTests */,
				D34ED417236E30D0000E42B9 /* GlimpseUITests */,
			);
		};
/* End PBXProject section */

/* Begin PBXResourcesBuildPhase section */
		D34ED3F5236E30CB000E42B9 /* Resources */ = {
			isa = PBXResourcesBuildPhase;
			buildActionMask = 2147483647;
			files = (
				D34ED407236E30D0000E42B9 /* LaunchScreen.storyboard in Resources */,
				D34ED404236E30D0000E42B9 /* Assets.xcassets in Resources */,
				D34ED402236E30CB000E42B9 /* Main.storyboard in Resources */,
			);
			runOnlyForDeploymentPostprocessing = 0;
		};
		D34ED40B236E30D0000E42B9 /* Resources */ = {
			isa = PBXResourcesBuildPhase;
			buildActionMask = 2147483647;
			files = (
			);
			runOnlyForDeploymentPostprocessing = 0;
		};
		D34ED416236E30D0000E42B9 /* Resources */ = {
			isa = PBXResourcesBuildPhase;
			buildActionMask = 2147483647;
			files = (
			);
			runOnlyForDeploymentPostprocessing = 0;
		};
/* End PBXResourcesBuildPhase section */

/* Begin PBXSourcesBuildPhase section */
		D34ED3F3236E30CB000E42B9 /* Sources */ = {
			isa = PBXSourcesBuildPhase;
			buildActionMask = 2147483647;
			files = (
				D34ED3FF236E30CB000E42B9 /* ViewController.swift in Sources */,
				D34ED3FB236E30CB000E42B9 /* AppDelegate.swift in Sources */,
				D34ED3FD236E30CB000E42B9 /* SceneDelegate.swift in Sources */,
			);
			runOnlyForDeploymentPostprocessing = 0;
		};
		D34ED409236E30D0000E42B9 /* Sources */ = {
			isa = PBXSourcesBuildPhase;
			buildActionMask = 2147483647;
			files = (
				D34ED412236E30D0000E42B9 /* GlimpseTests.swift in Sources */,
			);
			runOnlyForDeploymentPostprocessing = 0;
		};
		D34ED414236E30D0000E42B9 /* Sources */ = {
			isa = PBXSourcesBuildPhase;
			buildActionMask = 2147483647;
			files = (
				D34ED41D236E30D0000E42B9 /* GlimpseUITests.swift in Sources */,
			);
			runOnlyForDeploymentPostprocessing = 0;
		};
/* End PBXSourcesBuildPhase section */

/* Begin PBXTargetDependency section */
		D34ED40F236E30D0000E42B9 /* PBXTargetDependency */ = {
			isa = PBXTargetDependency;
			target = D34ED3F6236E30CB000E42B9 /* Glimpse */;
			targetProxy = D34ED40E236E30D0000E42B9 /* PBXContainerItemProxy */;
		};
		D34ED41A236E30D0000E42B9 /* PBXTargetDependency */ = {
			isa = PBXTargetDependency;
			target = D34ED3F6236E30CB000E42B9 /* Glimpse */;
			targetProxy = D34ED419236E30D0000E42B9 /* PBXContainerItemProxy */;
		};
/* End PBXTargetDependency section */

/* Begin PBXVariantGroup section */
		D34ED400236E30CB000E42B9 /* Main.storyboard */ = {
			isa = PBXVariantGroup;
			children = (
				D34ED401236E30CB000E42B9 /* Base */,
			);
			name = Main.storyboard;
			sourceTree = "<group>";
		};
		D34ED405236E30D0000E42B9 /* LaunchScreen.storyboard */ = {
			isa = PBXVariantGroup;
			children = (
				D34ED406236E30D0000E42B9 /* Base */,
			);
			name = LaunchScreen.storyboard;
			sourceTree = "<group>";
		};
/* End PBXVariantGroup section */

/* Begin XCBuildConfiguration section */
		D34ED41F236E30D0000E42B9 /* Debug */ = {
			isa = XCBuildConfiguration;
			buildSettings = {
				ALWAYS_SEARCH_USER_PATHS = NO;
				CLANG_ANALYZER_NONNULL = YES;
				CLANG_ANALYZER_NUMBER_OBJECT_CONVERSION = YES_AGGRESSIVE;
				CLANG_CXX_LANGUAGE_STANDARD = "gnu++14";
				CLANG_CXX_LIBRARY = "libc++";
				CLANG_ENABLE_MODULES = YES;
				CLANG_ENABLE_OBJC_ARC = YES;
				CLANG_ENABLE_OBJC_WEAK = YES;
				CLANG_WARN_BLOCK_CAPTURE_AUTORELEASING = YES;
				CLANG_WARN_BOOL_CONVERSION = YES;
				CLANG_WARN_COMMA = YES;
				CLANG_WARN_CONSTANT_CONVERSION = YES;
				CLANG_WARN_DEPRECATED_OBJC_IMPLEMENTATIONS = YES;
				CLANG_WARN_DIRECT_OBJC_ISA_USAGE = YES_ERROR;
				CLANG_WARN_DOCUMENTATION_COMMENTS = YES;
				CLANG_WARN_EMPTY_BODY = YES;
				CLANG_WARN_ENUM_CONVERSION = YES;
				CLANG_WARN_INFINITE_RECURSION = YES;
				CLANG_WARN_INT_CONVERSION = YES;
				CLANG_WARN_NON_LITERAL_NULL_CONVERSION = YES;
				CLANG_WARN_OBJC_IMPLICIT_RETAIN_SELF = YES;
				CLANG_WARN_OBJC_LITERAL_CONVERSION = YES;
				CLANG_WARN_OBJC_ROOT_CLASS = YES_ERROR;
				CLANG_WARN_RANGE_LOOP_ANALYSIS = YES;
				CLANG_WARN_STRICT_PROTOTYPES = YES;
				CLANG_WARN_SUSPICIOUS_MOVE = YES;
				CLANG_WARN_UNGUARDED_AVAILABILITY = YES_AGGRESSIVE;
				CLANG_WARN_UNREACHABLE_CODE = YES;
				CLANG_WARN__DUPLICATE_METHOD_MATCH = YES;
				COPY_PHASE_STRIP = NO;
				DEBUG_INFORMATION_FORMAT = dwarf;
				ENABLE_STRICT_OBJC_MSGSEND = YES;
				ENABLE_TESTABILITY = YES;
				GCC_C_LANGUAGE_STANDARD = gnu11;
				GCC_DYNAMIC_NO_PIC = NO;
				GCC_NO_COMMON_BLOCKS = YES;
				GCC_OPTIMIZATION_LEVEL = 0;
				GCC_PREPROCESSOR_DEFINITIONS = (
					"DEBUG=1",
					"$(inherited)",
				);
				GCC_WARN_64_TO_32_BIT_CONVERSION = YES;
				GCC_WARN_ABOUT_RETURN_TYPE = YES_ERROR;
				GCC_WARN_UNDECLARED_SELECTOR = YES;
				GCC_WARN_UNINITIALIZED_AUTOS = YES_AGGRESSIVE;
				GCC_WARN_UNUSED_FUNCTION = YES;
				GCC_WARN_UNUSED_VARIABLE = YES;
				IPHONEOS_DEPLOYMENT_TARGET = 13.0;
				MTL_ENABLE_DEBUG_INFO = INCLUDE_SOURCE;
				MTL_FAST_MATH = YES;
				ONLY_ACTIVE_ARCH = YES;
				SDKROOT = iphoneos;
				SWIFT_ACTIVE_COMPILATION_CONDITIONS = DEBUG;
				SWIFT_OPTIMIZATION_LEVEL = "-Onone";
			};
			name = Debug;
		};
		D34ED420236E30D0000E42B9 /* Release */ = {
			isa = XCBuildConfiguration;
			buildSettings = {
				ALWAYS_SEARCH_USER_PATHS = NO;
				CLANG_ANALYZER_NONNULL = YES;
				CLANG_ANALYZER_NUMBER_OBJECT_CONVERSION = YES_AGGRESSIVE;
				CLANG_CXX_LANGUAGE_STANDARD = "gnu++14";
				CLANG_CXX_LIBRARY = "libc++";
				CLANG_ENABLE_MODULES = YES;
				CLANG_ENABLE_OBJC_ARC = YES;
				CLANG_ENABLE_OBJC_WEAK = YES;
				CLANG_WARN_BLOCK_CAPTURE_AUTORELEASING = YES;
				CLANG_WARN_BOOL_CONVERSION = YES;
				CLANG_WARN_COMMA = YES;
				CLANG_WARN_CONSTANT_CONVERSION = YES;
				CLANG_WARN_DEPRECATED_OBJC_IMPLEMENTATIONS = YES;
				CLANG_WARN_DIRECT_OBJC_ISA_USAGE = YES_ERROR;
				CLANG_WARN_DOCUMENTATION_COMMENTS = YES;
				CLANG_WARN_EMPTY_BODY = YES;
				CLANG_WARN_ENUM_CONVERSION = YES;
				CLANG_WARN_INFINITE_RECURSION = YES;
				CLANG_WARN_INT_CONVERSION = YES;
				CLANG_WARN_NON_LITERAL_NULL_CONVERSION = YES;
				CLANG_WARN_OBJC_IMPLICIT_RETAIN_SELF = YES;
				CLANG_WARN_OBJC_LITERAL_CONVERSION = YES;
				CLANG_WARN_OBJC_ROOT_CLASS = YES_ERROR;
				CLANG_WARN_RANGE_LOOP_ANALYSIS = YES;
				CLANG_WARN_STRICT_PROTOTYPES = YES;
				CLANG_WARN_SUSPICIOUS_MOVE = YES;
				CLANG_WARN_UNGUARDED_AVAILABILITY = YES_AGGRESSIVE;
				CLANG_WARN_UNREACHABLE_CODE = YES;
				CLANG_WARN__DUPLICATE_METHOD_MATCH = YES;
				COPY_PHASE_STRIP = NO;
				DEBUG_INFORMATION_FORMAT = "dwarf-with-dsym";
				ENABLE_NS_ASSERTIONS = NO;
				ENABLE_STRICT_OBJC_MSGSEND = YES;
				GCC_C_LANGUAGE_STANDARD = gnu11;
				GCC_NO_COMMON_BLOCKS = YES;
				GCC_WARN_64_TO_32_BIT_CONVERSION = YES;
				GCC_WARN_ABOUT_RETURN_TYPE = YES_ERROR;
				GCC_WARN_UNDECLARED_SELECTOR = YES;
				GCC_WARN_UNINITIALIZED_AUTOS = YES_AGGRESSIVE;
				GCC_WARN_UNUSED_FUNCTION = YES;
				GCC_WARN_UNUSED_VARIABLE = YES;
				IPHONEOS_DEPLOYMENT_TARGET = 13.0;
				MTL_ENABLE_DEBUG_INFO = NO;
				MTL_FAST_MATH = YES;
				SDKROOT = iphoneos;
				SWIFT_COMPILATION_MODE = wholemodule;
				SWIFT_OPTIMIZATION_LEVEL = "-O";
				VALIDATE_PRODUCT = YES;
			};
			name = Release;
		};
		D34ED422236E30D0000E42B9 /* Debug */ = {
			isa = XCBuildConfiguration;
			buildSettings = {
				ASSETCATALOG_COMPILER_APPICON_NAME = AppIcon;
				CODE_SIGN_STYLE = Automatic;
				INFOPLIST_FILE = Glimpse/Info.plist;
				LD_RUNPATH_SEARCH_PATHS = (
					"$(inherited)",
					"@executable_path/Frameworks",
				);
				PRODUCT_BUNDLE_IDENTIFIER = Tanvi.Glimpse;
				PRODUCT_NAME = "$(TARGET_NAME)";
				SWIFT_VERSION = 5.0;
				TARGETED_DEVICE_FAMILY = "1,2";
			};
			name = Debug;
		};
		D34ED423236E30D0000E42B9 /* Release */ = {
			isa = XCBuildConfiguration;
			buildSettings = {
				ASSETCATALOG_COMPILER_APPICON_NAME = AppIcon;
				CODE_SIGN_STYLE = Automatic;
				INFOPLIST_FILE = Glimpse/Info.plist;
				LD_RUNPATH_SEARCH_PATHS = (
					"$(inherited)",
					"@executable_path/Frameworks",
				);
				PRODUCT_BUNDLE_IDENTIFIER = Tanvi.Glimpse;
				PRODUCT_NAME = "$(TARGET_NAME)";
				SWIFT_VERSION = 5.0;
				TARGETED_DEVICE_FAMILY = "1,2";
			};
			name = Release;
		};
		D34ED425236E30D0000E42B9 /* Debug */ = {
			isa = XCBuildConfiguration;
			buildSettings = {
				ALWAYS_EMBED_SWIFT_STANDARD_LIBRARIES = YES;
				BUNDLE_LOADER = "$(TEST_HOST)";
				CODE_SIGN_STYLE = Automatic;
				INFOPLIST_FILE = GlimpseTests/Info.plist;
				IPHONEOS_DEPLOYMENT_TARGET = 13.0;
				LD_RUNPATH_SEARCH_PATHS = (
					"$(inherited)",
					"@executable_path/Frameworks",
					"@loader_path/Frameworks",
				);
				PRODUCT_BUNDLE_IDENTIFIER = Tanvi.GlimpseTests;
				PRODUCT_NAME = "$(TARGET_NAME)";
				SWIFT_VERSION = 5.0;
				TARGETED_DEVICE_FAMILY = "1,2";
				TEST_HOST = "$(BUILT_PRODUCTS_DIR)/Glimpse.app/Glimpse";
			};
			name = Debug;
		};
		D34ED426236E30D0000E42B9 /* Release */ = {
			isa = XCBuildConfiguration;
			buildSettings = {
				ALWAYS_EMBED_SWIFT_STANDARD_LIBRARIES = YES;
				BUNDLE_LOADER = "$(TEST_HOST)";
				CODE_SIGN_STYLE = Automatic;
				INFOPLIST_FILE = GlimpseTests/Info.plist;
				IPHONEOS_DEPLOYMENT_TARGET = 13.0;
				LD_RUNPATH_SEARCH_PATHS = (
					"$(inherited)",
					"@executable_path/Frameworks",
					"@loader_path/Frameworks",
				);
				PRODUCT_BUNDLE_IDENTIFIER = Tanvi.GlimpseTests;
				PRODUCT_NAME = "$(TARGET_NAME)";
				SWIFT_VERSION = 5.0;
				TARGETED_DEVICE_FAMILY = "1,2";
				TEST_HOST = "$(BUILT_PRODUCTS_DIR)/Glimpse.app/Glimpse";
			};
			name = Release;
		};
		D34ED428236E30D0000E42B9 /* Debug */ = {
			isa = XCBuildConfiguration;
			buildSettings = {
				ALWAYS_EMBED_SWIFT_STANDARD_LIBRARIES = YES;
				CODE_SIGN_STYLE = Automatic;
				INFOPLIST_FILE = GlimpseUITests/Info.plist;
				LD_RUNPATH_SEARCH_PATHS = (
					"$(inherited)",
					"@executable_path/Frameworks",
					"@loader_path/Frameworks",
				);
				PRODUCT_BUNDLE_IDENTIFIER = Tanvi.GlimpseUITests;
				PRODUCT_NAME = "$(TARGET_NAME)";
				SWIFT_VERSION = 5.0;
				TARGETED_DEVICE_FAMILY = "1,2";
				TEST_TARGET_NAME = Glimpse;
			};
			name = Debug;
		};
		D34ED429236E30D0000E42B9 /* Release */ = {
			isa = XCBuildConfiguration;
			buildSettings = {
				ALWAYS_EMBED_SWIFT_STANDARD_LIBRARIES = YES;
				CODE_SIGN_STYLE = Automatic;
				INFOPLIST_FILE = GlimpseUITests/Info.plist;
				LD_RUNPATH_SEARCH_PATHS = (
					"$(inherited)",
					"@executable_path/Frameworks",
					"@loader_path/Frameworks",
				);
				PRODUCT_BUNDLE_IDENTIFIER = Tanvi.GlimpseUITests;
				PRODUCT_NAME = "$(TARGET_NAME)";
				SWIFT_VERSION = 5.0;
				TARGETED_DEVICE_FAMILY = "1,2";
				TEST_TARGET_NAME = Glimpse;
			};
			name = Release;
		};
/* End XCBuildConfiguration section */

/* Begin XCConfigurationList section */
		D34ED3F2236E30CB000E42B9 /* Build configuration list for PBXProject "Glimpse" */ = {
			isa = XCConfigurationList;
			buildConfigurations = (
				D34ED41F236E30D0000E42B9 /* Debug */,
				D34ED420236E30D0000E42B9 /* Release */,
			);
			defaultConfigurationIsVisible = 0;
			defaultConfigurationName = Release;
		};
		D34ED421236E30D0000E42B9 /* Build configuration list for PBXNativeTarget "Glimpse" */ = {
			isa = XCConfigurationList;
			buildConfigurations = (
				D34ED422236E30D0000E42B9 /* Debug */,
				D34ED423236E30D0000E42B9 /* Release */,
			);
			defaultConfigurationIsVisible = 0;
			defaultConfigurationName = Release;
		};
		D34ED424236E30D0000E42B9 /* Build configuration list for PBXNativeTarget "GlimpseTests" */ = {
			isa = XCConfigurationList;
			buildConfigurations = (
				D34ED425236E30D0000E42B9 /* Debug */,
				D34ED426236E30D0000E42B9 /* Release */,
			);
			defaultConfigurationIsVisible = 0;
			defaultConfigurationName = Release;
		};
		D34ED427236E30D0000E42B9 /* Build configuration list for PBXNativeTarget "GlimpseUITests" */ = {
			isa = XCConfigurationList;
			buildConfigurations = (
				D34ED428236E30D0000E42B9 /* Debug */,
				D34ED429236E30D0000E42B9 /* Release */,
			);
			defaultConfigurationIsVisible = 0;
			defaultConfigurationName = Release;
		};
/* End XCConfigurationList section */
	};
	rootObject = D34ED3EF236E30CB000E42B9 /* Project object */;
}
